<?xml version="1.0" encoding="UTF-8" standalone="yes" ?>
<CodeBlocks_project_file>
	<FileVersion major="1" minor="6" />
	<Project>
		<Option title="cb-oflp-plugin" />
		<Option pch_mode="2" />
		<Option compiler="gcc" />
		<Option virtualFolders="src/;src/plugin/;src/panels/;src/panels/c/;src/panels/h/;src/plugin/c/;src/plugin/h/;src/log/;src/common/;src/devel-memleaks/;src/settings/;notes/;" />
		<Option show_notes="0">
			<notes>
				<![CDATA[OpenFilesListPlus plugin project

Targets
====
  - devel	: debug info is generated ; logs 
  - Debug	: debug info is generated ; no logs at all
]]>
			</notes>
		</Option>
		<Build>
			<Target title="release">
				<Option output="plugin/release/linux/OpenFilesListPlus.so" prefix_auto="0" extension_auto="0" />
				<Option object_output="obj" />
				<Option type="3" />
				<Option compiler="gcc" />
				<Option host_application="codeblocks" />
				<Option run_host_application_in_terminal="0" />
				<Compiler>
					<Add option="-Os" />
					<Add option="-ansi" />
					<Add option="-fPIC" />
					<Add option="`wx-config --cflags`" />
					<Add option="-DBUILDING_PLUGIN" />
					<Add option="-DWXUSINGDLL" />
					<Add option="-DcbDEBUG" />
					<Add option="-DCB_PRECOMP" />
					<Add option="-DWX_PRECOMP" />
					<Add option="-DwxUSE_UNICODE" />
					<Add option="-DOFLP_LINUX" />
					<Add directory="$(#cb)/include" />
					<Add directory="$(#cb)/sdk/wxscintilla/include" />
				</Compiler>
				<ExtraCommands>
					<Add after="chmod u=rwx ./src/post-build.bash" />
					<Add after="./src/post-build.bash release" />
					<Mode after="always" />
				</ExtraCommands>
			</Target>
			<Target title="debug">
				<Option output="plugin/debug/linux/OpenFilesListPlus.so" prefix_auto="0" extension_auto="0" />
				<Option object_output="obj" />
				<Option type="3" />
				<Option compiler="gcc" />
				<Option host_application="codeblocks" />
				<Option run_host_application_in_terminal="0" />
				<Compiler>
					<Add option="-ansi" />
					<Add option="-g" />
					<Add option="-fPIC" />
					<Add option="`wx-config --cflags`" />
					<Add option="-DBUILDING_PLUGIN" />
					<Add option="-DWXUSINGDLL" />
					<Add option="-DcbDEBUG" />
					<Add option="-DCB_PRECOMP" />
					<Add option="-DWX_PRECOMP" />
					<Add option="-DwxUSE_UNICODE" />
					<Add option="-DOFLP_LINUX" />
					<Add option="-DOFLP_DEBUG" />
					<Add directory="$(#cb)/include" />
					<Add directory="$(#cb)/sdk/wxscintilla/include" />
				</Compiler>
				<ExtraCommands>
					<Add after="chmod u=rwx ./src/post-build.bash" />
					<Add after="./src/post-build.bash debug" />
					<Mode after="always" />
				</ExtraCommands>
			</Target>
			<Target title="devel">
				<Option output="plugin/devel/linux/OpenFilesListPlus.so" prefix_auto="0" extension_auto="0" />
				<Option object_output="obj" />
				<Option type="3" />
				<Option compiler="gcc" />
				<Option host_application="codeblocks" />
				<Option run_host_application_in_terminal="0" />
				<Compiler>
					<Add option="-ansi" />
					<Add option="-g" />
					<Add option="-fPIC" />
					<Add option="`wx-config --cflags`" />
					<Add option="-DBUILDING_PLUGIN" />
					<Add option="-DWXUSINGDLL" />
					<Add option="-DcbDEBUG" />
					<Add option="-DCB_PRECOMP" />
					<Add option="-DWX_PRECOMP" />
					<Add option="-DwxUSE_UNICODE" />
					<Add option="-DOFLP_LINUX" />
					<Add option="-DOFLP_DEBUG" />
					<Add option="-DOFLP_LOG_FUNCTIONS" />
					<Add option="-DOFLP_LOG" />
					<Add directory="$(#cb)/include" />
					<Add directory="$(#cb)/sdk/wxscintilla/include" />
				</Compiler>
				<ExtraCommands>
					<Add after="chmod u=rwx ./src/post-build.bash" />
					<Add after="./src/post-build.bash devel" />
					<Mode after="always" />
				</ExtraCommands>
			</Target>
		</Build>
		<VirtualTargets>
			<Add alias="all" targets="release;debug;devel;" />
		</VirtualTargets>
		<Unit filename="notes/bugs.h">
			<Option virtualFolder="notes/" />
		</Unit>
		<Unit filename="notes/changelog.h">
			<Option virtualFolder="notes/" />
		</Unit>
		<Unit filename="notes/new-list.h">
			<Option virtualFolder="notes/" />
		</Unit>
		<Unit filename="notes/notes.h">
			<Option virtualFolder="notes/" />
		</Unit>
		<Unit filename="notes/todo.h">
			<Option virtualFolder="notes/" />
		</Unit>
		<Unit filename="src/devel-memleaks/devel-memleaks.cc">
			<Option virtualFolder="src/devel-memleaks/" />
			<Option target="&lt;{~None~}&gt;" />
		</Unit>
		<Unit filename="src/manifest.xml">
			<Option virtualFolder="src/common/" />
		</Unit>
		<Unit filename="src/oflp-common-classes.hh">
			<Option virtualFolder="src/common/" />
		</Unit>
		<Unit filename="src/oflp-common-macros.hh">
			<Option virtualFolder="src/common/" />
		</Unit>
		<Unit filename="src/oflp-common.hh">
			<Option virtualFolder="src/common/" />
		</Unit>
		<Unit filename="src/oflp-hstring.hh">
			<Option virtualFolder="src/common/" />
		</Unit>
		<Unit filename="src/oflp-log.cc">
			<Option virtualFolder="src/log/" />
		</Unit>
		<Unit filename="src/oflp-log.hh">
			<Option virtualFolder="src/log/" />
		</Unit>
		<Unit filename="src/oflp-panel-header.cc">
			<Option virtualFolder="src/panels/c/" />
		</Unit>
		<Unit filename="src/oflp-panel-header.hh">
			<Option virtualFolder="src/panels/h/" />
		</Unit>
		<Unit filename="src/oflp-panel-utils.cc">
			<Option virtualFolder="src/panels/c/" />
		</Unit>
		<Unit filename="src/oflp-panel-utils.hh">
			<Option virtualFolder="src/panels/h/" />
		</Unit>
		<Unit filename="src/oflp-panel.cc">
			<Option virtualFolder="src/panels/c/" />
		</Unit>
		<Unit filename="src/oflp-panel.hh">
			<Option virtualFolder="src/panels/h/" />
		</Unit>
		<Unit filename="src/oflp-plugin-dnd.cc">
			<Option virtualFolder="src/plugin/c/" />
		</Unit>
		<Unit filename="src/oflp-plugin-events.cc">
			<Option virtualFolder="src/plugin/c/" />
		</Unit>
		<Unit filename="src/oflp-plugin-mod-editors.cc">
			<Option virtualFolder="src/plugin/c/" />
		</Unit>
		<Unit filename="src/oflp-plugin-mod-editors.hh">
			<Option virtualFolder="src/plugin/h/" />
		</Unit>
		<Unit filename="src/oflp-plugin-mod-gfx.hh">
			<Option virtualFolder="src/plugin/h/" />
		</Unit>
		<Unit filename="src/oflp-plugin-mod-layout.cc">
			<Option virtualFolder="src/plugin/c/" />
		</Unit>
		<Unit filename="src/oflp-plugin-mod-layout.hh">
			<Option virtualFolder="src/plugin/h/" />
		</Unit>
		<Unit filename="src/oflp-plugin-mod-panels.cc">
			<Option virtualFolder="src/plugin/c/" />
		</Unit>
		<Unit filename="src/oflp-plugin-mod-panels.hh">
			<Option virtualFolder="src/plugin/h/" />
		</Unit>
		<Unit filename="src/oflp-plugin-mod-runflow.hh">
			<Option virtualFolder="src/plugin/h/" />
		</Unit>
		<Unit filename="src/oflp-plugin-mod-settings.cc">
			<Option virtualFolder="src/plugin/c/" />
		</Unit>
		<Unit filename="src/oflp-plugin-mod-settings.hh">
			<Option virtualFolder="src/plugin/h/" />
		</Unit>
		<Unit filename="src/oflp-plugin-module.hh">
			<Option virtualFolder="src/plugin/h/" />
		</Unit>
		<Unit filename="src/oflp-plugin.cc">
			<Option virtualFolder="src/plugin/c/" />
		</Unit>
		<Unit filename="src/oflp-plugin.hh">
			<Option virtualFolder="src/plugin/h/" />
		</Unit>
		<Unit filename="src/oflp-settings-options.hh">
			<Option virtualFolder="src/settings/" />
		</Unit>
		<Unit filename="src/oflp-settings.cc">
			<Option virtualFolder="src/settings/" />
		</Unit>
		<Unit filename="src/oflp-settings.hh">
			<Option virtualFolder="src/settings/" />
		</Unit>
		<Unit filename="src/oflp.xrc">
			<Option virtualFolder="src/common/" />
		</Unit>
		<Unit filename="src/post-build.bash">
			<Option virtualFolder="src/common/" />
		</Unit>
		<Extensions>
			<envvars />
			<code_completion />
			<lib_finder disable_auto="1" />
			<debugger />
		</Extensions>
	</Project>
</CodeBlocks_project_file>
