<?xml version="1.0" encoding="UTF-8" standalone="yes" ?>
<CodeBlocks_project_file>
	<FileVersion major="1" minor="6" />
	<Project>
		<Option title="cb-oflp-plugin" />
		<Option pch_mode="2" />
		<Option compiler="gcc" />
		<Option virtualFolders="src\;src\plugin\;src\panels\;src\panels\c\;src\panels\h\;src\plugin\c\;src\plugin\h\;src\log\;src\common\;src\devel-memleaks\;src\settings\;notes\;" />
		<Option show_notes="0">
			<notes>
				<![CDATA[OpenFilesListPlus plugin project

Targets
====
  - devel	: debug info is generated ; logs 
  - Debug	: debug info is generated ; no logs at all
]]>
			</notes>
		</Option>
		<Build>
			<Target title="devel-ms">
				<Option output="plugin/devel/ms/OpenFilesListPlus.dll" prefix_auto="0" extension_auto="0" />
				<Option object_output="obj" />
				<Option type="3" />
				<Option compiler="gcc" />
				<Option host_application="codeblocks" />
				<Option run_host_application_in_terminal="0" />
				<Compiler>
					<Add option="-g" />
					<Add option="-mthreads" />
					<Add option="-fmessage-length=0" />
					<Add option="-fexceptions" />
					<Add option="-Winvalid-pch" />
					<Add option="-DBUILDING_PLUGIN" />
					<Add option="-DHAVE_W32API_H" />
					<Add option="-D__WXMSW__" />
					<Add option="-DWXUSINGDLL" />
					<Add option="-DcbDEBUG" />
					<Add option="-DCB_PRECOMP" />
					<Add option="-DWX_PRECOMP" />
					<Add option="-DwxUSE_UNICODE" />
					<Add option="-DOFLP_MS" />
					<Add option="-DOFLP_DEBUG" />
					<Add option="-DOFLP_LOG_FUNCTIONS" />
					<Add option="-DOFLP_LOG" />
					<Add directory="$(#cb)/include" />
					<Add directory="$(#cb)/sdk/wxscintilla/include" />
					<Add directory="$(#wx.include)" />
					<Add directory="$(#wx.lib)/gcc_dll/mswu" />
				</Compiler>
				<Linker>
					<Add option="-mthreads" />
					<Add library="codeblocks" />
					<Add library="wxmsw28u" />
					<Add directory="$(#cb)/devel" />
					<Add directory="$(#wx.lib)/gcc_dll" />
				</Linker>
				<ExtraCommands>
					<Add after="zip -j9 plugin/devel/ms/OpenFilesListPlus.zip          src/manifest.xml src/oflp.xrc graphics/oflp-panel-header-button-bar-padding.png graphics/oflp-panel-header-button-bar-blue.png graphics/oflp-panel-header-button-bar-green.png graphics/oflp-panel-header-button-bar-orange.png graphics/oflp-panel-header-button-bar-red.png  graphics/oflp-panel-header-button-bar-up.png graphics/oflp-panel-header-button-bar-down.png" />
					<Add after="zip -j9 plugin/devel/ms/OpenFilesListPlus.cbplugin plugin/devel/ms/OpenFilesListPlus.dll plugin/devel/ms/OpenFilesListPlus.zip" />
					<Mode after="always" />
				</ExtraCommands>
			</Target>
			<Target title="debug-ms">
				<Option output="plugin/debug/ms/OpenFilesListPlus.dll" prefix_auto="0" extension_auto="0" />
				<Option object_output="obj" />
				<Option type="3" />
				<Option compiler="gcc" />
				<Option host_application="codeblocks" />
				<Option run_host_application_in_terminal="0" />
				<Compiler>
					<Add option="-g" />
					<Add option="-mthreads" />
					<Add option="-fmessage-length=0" />
					<Add option="-fexceptions" />
					<Add option="-Winvalid-pch" />
					<Add option="-DBUILDING_PLUGIN" />
					<Add option="-DHAVE_W32API_H" />
					<Add option="-D__WXMSW__" />
					<Add option="-DWXUSINGDLL" />
					<Add option="-DcbDEBUG" />
					<Add option="-DCB_PRECOMP" />
					<Add option="-DWX_PRECOMP" />
					<Add option="-DwxUSE_UNICODE" />
					<Add option="-DOFLP_MS" />
					<Add option="-DOFLP_DEBUG" />
					<Add directory="$(#cb)/include" />
					<Add directory="$(#cb)/sdk/wxscintilla/include" />
					<Add directory="$(#wx.include)" />
					<Add directory="$(#wx.lib)/gcc_dll/mswu" />
				</Compiler>
				<Linker>
					<Add option="-mthreads" />
					<Add library="codeblocks" />
					<Add library="wxmsw28u" />
					<Add directory="$(#cb)/devel" />
					<Add directory="$(#wx.lib)/gcc_dll" />
				</Linker>
				<ExtraCommands>
					<Add after="zip -j9 plugin/debug/ms/OpenFilesListPlus.zip          src/manifest.xml src/oflp.xrc graphics/oflp-panel-header-button-bar-padding.png graphics/oflp-panel-header-button-bar-blue.png graphics/oflp-panel-header-button-bar-green.png graphics/oflp-panel-header-button-bar-orange.png graphics/oflp-panel-header-button-bar-red.png  graphics/oflp-panel-header-button-bar-up.png graphics/oflp-panel-header-button-bar-down.png" />
					<Add after="zip -j9 plugin/debug/ms/OpenFilesListPlus.cbplugin plugin/debug/ms/OpenFilesListPlus.dll plugin/debug/ms/OpenFilesListPlus.zip" />
					<Mode after="always" />
				</ExtraCommands>
			</Target>
			<Target title="release-ms">
				<Option output="plugin/release/ms/OpenFilesListPlus.dll" prefix_auto="0" extension_auto="0" />
				<Option object_output="obj" />
				<Option type="3" />
				<Option compiler="gcc" />
				<Option host_application="codeblocks" />
				<Option run_host_application_in_terminal="0" />
				<Compiler>
					<Add option="-Os" />
					<Add option="-mthreads" />
					<Add option="-fmessage-length=0" />
					<Add option="-fexceptions" />
					<Add option="-Winvalid-pch" />
					<Add option="-DBUILDING_PLUGIN" />
					<Add option="-DHAVE_W32API_H" />
					<Add option="-D__WXMSW__" />
					<Add option="-DWXUSINGDLL" />
					<Add option="-DcbDEBUG" />
					<Add option="-DCB_PRECOMP" />
					<Add option="-DWX_PRECOMP" />
					<Add option="-DwxUSE_UNICODE" />
					<Add option="-DOFLP_MS" />
					<Add directory="$(#cb)/include" />
					<Add directory="$(#cb)/sdk/wxscintilla/include" />
					<Add directory="$(#wx.include)" />
					<Add directory="$(#wx.lib)/gcc_dll/mswu" />
				</Compiler>
				<Linker>
					<Add option="-mthreads" />
					<Add library="codeblocks" />
					<Add library="wxmsw28u" />
					<Add directory="$(#cb)/devel" />
					<Add directory="$(#wx.lib)/gcc_dll" />
				</Linker>
				<ExtraCommands>
					<Add after="zip -j9 plugin/release/ms/OpenFilesListPlus.zip          src/manifest.xml src/oflp.xrc graphics/oflp-panel-header-button-bar-padding.png graphics/oflp-panel-header-button-bar-blue.png graphics/oflp-panel-header-button-bar-green.png graphics/oflp-panel-header-button-bar-orange.png graphics/oflp-panel-header-button-bar-red.png  graphics/oflp-panel-header-button-bar-up.png graphics/oflp-panel-header-button-bar-down.png" />
					<Add after="zip -j9 plugin/release/ms/OpenFilesListPlus.cbplugin plugin/release/ms/OpenFilesListPlus.dll plugin/release/ms/OpenFilesListPlus.zip" />
					<Mode after="always" />
				</ExtraCommands>
			</Target>
		</Build>
		<Unit filename="notes/bugs.h">
			<Option virtualFolder="notes/" />
			<Option target="devel-linux" />
			<Option target="devel-linux-memleaks" />
			<Option target="devel-ms" />
			<Option target="debug-linux" />
			<Option target="debug-ms" />
			<Option target="release-ms" />
		</Unit>
		<Unit filename="notes/changelog.h">
			<Option virtualFolder="notes/" />
			<Option target="devel-linux" />
			<Option target="devel-linux-memleaks" />
			<Option target="devel-linux-symbols" />
			<Option target="devel-ms" />
			<Option target="debug-linux" />
			<Option target="debug-ms" />
			<Option target="release-ms" />
		</Unit>
		<Unit filename="notes/new-list.h">
			<Option virtualFolder="notes/" />
			<Option target="devel-linux" />
			<Option target="devel-linux-memleaks" />
			<Option target="devel-ms" />
			<Option target="debug-linux" />
			<Option target="debug-ms" />
			<Option target="release-ms" />
		</Unit>
		<Unit filename="notes/notes.h">
			<Option virtualFolder="notes/" />
			<Option target="devel-linux" />
			<Option target="devel-linux-memleaks" />
			<Option target="devel-ms" />
			<Option target="debug-linux" />
			<Option target="debug-ms" />
			<Option target="release-ms" />
		</Unit>
		<Unit filename="notes/todo.h">
			<Option virtualFolder="notes/" />
			<Option target="devel-linux" />
			<Option target="devel-linux-memleaks" />
			<Option target="devel-ms" />
			<Option target="debug-linux" />
			<Option target="debug-ms" />
			<Option target="release-ms" />
		</Unit>
		<Unit filename="src/devel-memleaks/devel-memleaks.cc">
			<Option virtualFolder="src/devel-memleaks/" />
			<Option target="&lt;{~None~}&gt;" />
		</Unit>
		<Unit filename="src/manifest.xml">
			<Option virtualFolder="src/common/" />
			<Option target="devel-linux" />
			<Option target="devel-linux-memleaks" />
			<Option target="devel-linux-symbols" />
			<Option target="devel-ms" />
			<Option target="debug-linux" />
			<Option target="debug-ms" />
			<Option target="release-ms" />
		</Unit>
		<Unit filename="src/oflp-common-classes.hh">
			<Option virtualFolder="src/common/" />
		</Unit>
		<Unit filename="src/oflp-common-macros.hh">
			<Option virtualFolder="src/common/" />
		</Unit>
		<Unit filename="src/oflp-common.hh">
			<Option virtualFolder="src/common/" />
			<Option target="devel-linux" />
			<Option target="devel-linux-memleaks" />
			<Option target="devel-linux-symbols" />
			<Option target="devel-ms" />
			<Option target="debug-linux" />
			<Option target="debug-ms" />
			<Option target="release-ms" />
		</Unit>
		<Unit filename="src/oflp-hstring.hh">
			<Option virtualFolder="src/common/" />
		</Unit>
		<Unit filename="src/oflp-log.cc">
			<Option virtualFolder="src/log/" />
		</Unit>
		<Unit filename="src/oflp-log.hh">
			<Option virtualFolder="src/log/" />
		</Unit>
		<Unit filename="src/oflp-panel-header.cc">
			<Option virtualFolder="src/panels/c/" />
		</Unit>
		<Unit filename="src/oflp-panel-header.hh">
			<Option virtualFolder="src/panels/h/" />
		</Unit>
		<Unit filename="src/oflp-panel-utils.cc">
			<Option virtualFolder="src/panels/c/" />
		</Unit>
		<Unit filename="src/oflp-panel-utils.hh">
			<Option virtualFolder="src/panels/h/" />
		</Unit>
		<Unit filename="src/oflp-panel.cc">
			<Option virtualFolder="src/panels/c/" />
			<Option target="devel-linux" />
			<Option target="devel-linux-memleaks" />
			<Option target="devel-linux-symbols" />
			<Option target="devel-ms" />
			<Option target="debug-linux" />
			<Option target="debug-ms" />
			<Option target="release-ms" />
		</Unit>
		<Unit filename="src/oflp-panel.hh">
			<Option virtualFolder="src/panels/h/" />
			<Option target="devel-linux" />
			<Option target="devel-linux-memleaks" />
			<Option target="devel-linux-symbols" />
			<Option target="devel-ms" />
			<Option target="debug-linux" />
			<Option target="debug-ms" />
			<Option target="release-ms" />
		</Unit>
		<Unit filename="src/oflp-plugin-dnd.cc">
			<Option virtualFolder="src/plugin/c/" />
		</Unit>
		<Unit filename="src/oflp-plugin-events.cc">
			<Option virtualFolder="src/plugin/c/" />
		</Unit>
		<Unit filename="src/oflp-plugin-mod-editors.cc">
			<Option virtualFolder="src/plugin/c/" />
		</Unit>
		<Unit filename="src/oflp-plugin-mod-editors.hh">
			<Option virtualFolder="src/plugin/h/" />
		</Unit>
		<Unit filename="src/oflp-plugin-mod-gfx.hh">
			<Option virtualFolder="src/plugin/h/" />
		</Unit>
		<Unit filename="src/oflp-plugin-mod-layout.cc">
			<Option virtualFolder="src/plugin/c/" />
		</Unit>
		<Unit filename="src/oflp-plugin-mod-layout.hh">
			<Option virtualFolder="src/plugin/h/" />
		</Unit>
		<Unit filename="src/oflp-plugin-mod-panels.cc">
			<Option virtualFolder="src/plugin/c/" />
		</Unit>
		<Unit filename="src/oflp-plugin-mod-panels.hh">
			<Option virtualFolder="src/plugin/h/" />
		</Unit>
		<Unit filename="src/oflp-plugin-mod-runflow.hh">
			<Option virtualFolder="src/plugin/h/" />
		</Unit>
		<Unit filename="src/oflp-plugin-mod-settings.cc">
			<Option virtualFolder="src/plugin/c/" />
		</Unit>
		<Unit filename="src/oflp-plugin-mod-settings.hh">
			<Option virtualFolder="src/plugin/h/" />
		</Unit>
		<Unit filename="src/oflp-plugin-module.hh">
			<Option virtualFolder="src/plugin/h/" />
		</Unit>
		<Unit filename="src/oflp-plugin.cc">
			<Option virtualFolder="src/plugin/c/" />
		</Unit>
		<Unit filename="src/oflp-plugin.hh">
			<Option virtualFolder="src/plugin/h/" />
			<Option target="devel-linux" />
			<Option target="devel-linux-memleaks" />
			<Option target="devel-linux-symbols" />
			<Option target="devel-ms" />
			<Option target="debug-linux" />
			<Option target="debug-ms" />
			<Option target="release-ms" />
		</Unit>
		<Unit filename="src/oflp-settings-options.hh">
			<Option virtualFolder="src/settings/" />
		</Unit>
		<Unit filename="src/oflp-settings.cc">
			<Option virtualFolder="src/settings/" />
		</Unit>
		<Unit filename="src/oflp-settings.hh">
			<Option virtualFolder="src/settings/" />
		</Unit>
		<Unit filename="src/oflp.xrc">
			<Option virtualFolder="src/common/" />
			<Option target="devel-linux" />
			<Option target="devel-linux-memleaks" />
			<Option target="devel-linux-symbols" />
			<Option target="devel-ms" />
			<Option target="debug-linux" />
			<Option target="debug-ms" />
			<Option target="release-ms" />
		</Unit>
		<Unit filename="src/post-build.bash">
			<Option virtualFolder="src/common/" />
			<Option target="devel-linux" />
			<Option target="devel-linux-memleaks" />
			<Option target="devel-ms" />
			<Option target="debug-linux" />
			<Option target="debug-ms" />
			<Option target="release-ms" />
		</Unit>
		<Extensions>
			<envvars />
			<code_completion />
			<lib_finder disable_auto="1" />
			<debugger />
		</Extensions>
	</Project>
</CodeBlocks_project_file>
