<?xml version="1.0" encoding="UTF-8" standalone="yes" ?>
<CodeBlocks_project_file>
	<FileVersion major="1" minor="6" />
	<Project>
		<Option title="cb-oflp-plugin" />
		<Option pch_mode="2" />
		<Option compiler="gcc" />
		<Option virtualFolders="src/;src/plugin/;src/panels/;src/panels/c/;src/panels/h/;src/log/;src/common/;src/devel-memleaks/;src/settings/;notes/;build/;src/plugin/h/;src/plugin/c/;build/lx/;" />
		<Option show_notes="0">
			<notes>
				<![CDATA[OpenFilesListPlus plugin project

Targets
====
  - devel	: debug info is generated ; logs 
  - Debug	: debug info is generated ; no logs at all
]]>
			</notes>
		</Option>
		<Build>
			<Target title="lx-dev">
				<Option output="plugin/lx/dev/OpenFilesListPlus.so" prefix_auto="0" extension_auto="0" />
				<Option object_output="obj" />
				<Option type="3" />
				<Option compiler="gcc" />
				<Option host_application="codeblocks" />
				<Option run_host_application_in_terminal="0" />
				<Compiler>
					<Add option="-std=c++11" />
					<Add option="-g" />
					<Add option="-fPIC" />
					<Add option="-g -ggdb" />
					<Add option="-Winvalid-pch" />
					<Add option="-fexceptions" />
					<Add option="`wx-config --version=$(OFLP_WXVERSION) --toolkit=$(OFLP_WXTOOLKIT) --unicode=$(OFLP_WXUNICODE) --debug=$(OFLP_WXDEBUG) --cflags`" />
					<Add option="-DTIXML_USE_STL" />
					<Add option="-DCB_AUTOCONF" />
					<Add option="-DPIC" />
					<Add option="-DCB_PRECOMP" />
					<Add option="-DOFLP_LX" />
					<Add option="-DOFLP_EMBED__LOG" />
					<Add option="-DOFLP_EMBED__MENU_LOG" />
					<Add option="-DOFLP_EMBED__MENU_DBG" />
					<Add directory="/${OFLP_CBSRC}/include" />
					<Add directory="/${OFLP_CBSRC}/sdk/wxscintilla/include" />
					<Add directory="/${OFLP_CBSRC}/include/tinyxml" />
				</Compiler>
				<Linker>
					<Add option="`wx-config --version=$(OFLP_WXVERSION) --toolkit=$(OFLP_WXTOOLKIT) --unicode=$(OFLP_WXUNICODE) --debug=$(OFLP_WXDEBUG) --libs`" />
				</Linker>
				<ExtraCommands>
					<Add before="echo ${KEYTEST}" />
					<Add before="chmod u=rwx ./build/lx/pre-build.bash" />
					<Add before="./build/lx/pre-build.bash $(PROJECT_DIR)" />
					<Add after="chmod u=rwx ./build/lx/post-build.bash" />
					<Add after="./build/lx/post-build.bash dev $(OFLP_WXVERSION) $(OFLP_WXTOOLKIT)" />
					<Mode after="always" />
				</ExtraCommands>
				<Environment>
					<Variable name="OFLP_CBSRC" value="home/gwr/Src/C-C++/codeblocks/cb-custom/standalone/svn11267/wx-3.0.2/trunk/src" />
				</Environment>
			</Target>
			<Target title="lx-dev-configure">
				<Option output="plugin/devel/linux-configure/libOpenFilesListPlus.so" prefix_auto="0" extension_auto="0" />
				<Option object_output="obj" />
				<Option type="3" />
				<Option compiler="gcc" />
				<Option host_application="codeblocks" />
				<Option run_host_application_in_terminal="0" />
				<Compiler>
					<Add option="-ansi" />
					<Add option="-g" />
					<Add option="`wx-config --cflags`" />
					<Add option="-fPIC" />
				</Compiler>
				<Linker>
					<Add option="`wx-config --libs`" />
				</Linker>
				<ExtraCommands>
					<Add after="chmod u=rwx ./src/post-build.bash" />
					<Add after="./src/post-build.bash" />
					<Mode after="always" />
				</ExtraCommands>
			</Target>
			<Target title="lx-dev-memleaks">
				<Option output="plugin/devel/linux-memleaks/OpenFilesListPlus" prefix_auto="0" extension_auto="0" />
				<Option object_output="obj" />
				<Option type="1" />
				<Option compiler="gcc" />
				<Option use_console_runner="0" />
				<Option host_application="codeblocks" />
				<Option run_host_application_in_terminal="0" />
				<Compiler>
					<Add option="-ansi" />
					<Add option="-g" />
					<Add option="`wx-config --cflags`" />
					<Add option="-fPIC" />
					<Add option="-DMEMLEAKS" />
				</Compiler>
				<Linker>
					<Add option="`wx-config --libs`" />
					<Add library="../gwr.codeblocks/src/svn10502/trunk/src/base/tinyxml/.libs/libtinyxml.a" />
				</Linker>
			</Target>
			<Target title="ms-dev">
				<Option output="plugin/devel/ms/$(#oflp.tdm_id)/OpenFilesListPlus.dll" prefix_auto="0" extension_auto="0" />
				<Option object_output="obj" />
				<Option type="3" />
				<Option compiler="gcc" />
				<Option host_application="codeblocks" />
				<Option run_host_application_in_terminal="0" />
				<Compiler>
					<Add option="-g" />
					<Add option="-mthreads" />
					<Add option="-fmessage-length=0" />
					<Add option="-fexceptions" />
					<Add option="-Winvalid-pch" />
					<Add option="-DBUILDING_PLUGIN" />
					<Add option="-DHAVE_W32API_H" />
					<Add option="-D__WXMSW__" />
					<Add option="-DWXUSINGDLL" />
					<Add option="-DcbDEBUG" />
					<Add option="-DCB_PRECOMP" />
					<Add option="-DWX_PRECOMP" />
					<Add option="-DwxUSE_UNICODE" />
					<Add option="-DOFLP_MS" />
					<Add option="-DOFLP_DEBUG" />
					<Add option="-DOFLP_LOG_FUNCTIONS" />
					<Add option="-DOFLP_LOG" />
					<Add directory="$(#cb)/include" />
					<Add directory="$(#cb)/sdk/wxscintilla/include" />
					<Add directory="$(#wx.include)" />
					<Add directory="$(#wx.lib)/gcc_dll/mswu" />
				</Compiler>
				<Linker>
					<Add option="-mthreads" />
					<Add library="codeblocks" />
					<Add library="wxmsw28u" />
					<Add directory="$(#cb)/devel" />
					<Add directory="$(#wx.lib)/gcc_dll" />
				</Linker>
				<ExtraCommands>
					<Add after="zip -j9 plugin/devel/ms/$(#oflp.tdm_id)/OpenFilesListPlus.zip          src/manifest.xml src/oflp.xrc graphics/oflp-panel-header-button-bar-padding.png graphics/oflp-panel-header-button-bar-blue.png graphics/oflp-panel-header-button-bar-green.png graphics/oflp-panel-header-button-bar-orange.png graphics/oflp-panel-header-button-bar-red.png  graphics/oflp-panel-header-button-bar-up.png graphics/oflp-panel-header-button-bar-down.png" />
					<Add after="zip -j9 plugin/devel/ms/$(#oflp.tdm_id)/OpenFilesListPlus.cbplugin plugin/devel/ms/$(#oflp.tdm_id)/OpenFilesListPlus.dll plugin/devel/ms/$(#oflp.tdm_id)/OpenFilesListPlus.zip" />
					<Mode after="always" />
				</ExtraCommands>
				<Environment>
					<Variable name="MSKEY" value="47" />
				</Environment>
			</Target>
			<Target title="lx-dpub">
				<Option output="plugin/lx/dpub/OpenFilesListPlus.so" prefix_auto="0" extension_auto="0" />
				<Option object_output="obj" />
				<Option type="3" />
				<Option compiler="gcc" />
				<Option host_application="codeblocks" />
				<Option run_host_application_in_terminal="0" />
				<Compiler>
					<Add option="-std=c++11" />
					<Add option="-g" />
					<Add option="-fPIC" />
					<Add option="-g -ggdb" />
					<Add option="-Winvalid-pch" />
					<Add option="-fexceptions" />
					<Add option="`wx-config --version=$(OFLP_WXVERSION) --toolkit=$(OFLP_WXTOOLKIT) --unicode=$(OFLP_WXUNICODE) --debug=$(OFLP_WXDEBUG) --cflags`" />
					<Add option="-DTIXML_USE_STL" />
					<Add option="-DCB_AUTOCONF" />
					<Add option="-DPIC" />
					<Add option="-DCB_PRECOMP" />
					<Add option="-DOFLP_LX" />
					<Add option="-DOFLP_EMBED__LOG" />
					<Add option="-DOFLP_EMBED__MENU_LOG" />
					<Add directory="/${OFLP_CBSRC}/include" />
					<Add directory="/${OFLP_CBSRC}/sdk/wxscintilla/include" />
					<Add directory="/${OFLP_CBSRC}/include/tinyxml" />
				</Compiler>
				<Linker>
					<Add option="`wx-config --version=$(OFLP_WXVERSION) --toolkit=$(OFLP_WXTOOLKIT) --unicode=$(OFLP_WXUNICODE) --debug=$(OFLP_WXDEBUG) --libs`" />
				</Linker>
				<ExtraCommands>
					<Add before="echo ${KEYTEST}" />
					<Add before="chmod u=rwx ./build/lx/pre-build.bash" />
					<Add before="./build/lx/pre-build.bash $(PROJECT_DIR)" />
					<Add after="chmod u=rwx ./build/lx/post-build.bash" />
					<Add after="./build/lx/post-build.bash dpub $(OFLP_WXVERSION) $(OFLP_WXTOOLKIT)" />
					<Mode after="always" />
				</ExtraCommands>
				<Environment>
					<Variable name="OFLP_CBSRC" value="home/gwr/Src/C-C++/codeblocks/cb-custom/standalone/svn11267/wx-3.0.2/trunk/src" />
				</Environment>
			</Target>
			<Environment>
				<Variable name="OFLP_WXDEBUG" value="no" />
				<Variable name="OFLP_WXTOOLKIT" value="gtk2" />
				<Variable name="OFLP_WXUNICODE" value="yes" />
				<Variable name="OFLP_WXVERSION" value="3.0" />
			</Environment>
		</Build>
		<Unit filename="build/lx/post-build.bash">
			<Option virtualFolder="build/lx/" />
			<Option target="lx-dev" />
			<Option target="lx-dev-configure" />
			<Option target="lx-dev-memleaks" />
			<Option target="lx-dpub" />
		</Unit>
		<Unit filename="build/lx/pre-build.bash">
			<Option virtualFolder="build/lx/" />
			<Option target="lx-dev" />
			<Option target="lx-dev-configure" />
			<Option target="lx-dev-memleaks" />
			<Option target="lx-dpub" />
		</Unit>
		<Unit filename="notes/bugs.h">
			<Option virtualFolder="notes/" />
			<Option target="lx-dev" />
			<Option target="lx-dev-memleaks" />
			<Option target="ms-dev" />
			<Option target="lx-dpub" />
		</Unit>
		<Unit filename="notes/changelog.h">
			<Option virtualFolder="notes/" />
			<Option target="lx-dev" />
			<Option target="lx-dev-memleaks" />
			<Option target="ms-dev" />
			<Option target="lx-dpub" />
		</Unit>
		<Unit filename="notes/new-list.h">
			<Option virtualFolder="notes/" />
			<Option target="lx-dev" />
			<Option target="lx-dev-memleaks" />
			<Option target="ms-dev" />
			<Option target="lx-dpub" />
		</Unit>
		<Unit filename="notes/notes.h">
			<Option virtualFolder="notes/" />
			<Option target="lx-dev" />
			<Option target="lx-dev-memleaks" />
			<Option target="ms-dev" />
			<Option target="lx-dpub" />
		</Unit>
		<Unit filename="notes/techs.h">
			<Option virtualFolder="notes/" />
		</Unit>
		<Unit filename="notes/todo.h">
			<Option virtualFolder="notes/" />
			<Option target="lx-dev" />
			<Option target="lx-dev-memleaks" />
			<Option target="ms-dev" />
			<Option target="lx-dpub" />
		</Unit>
		<Unit filename="src/devel-memleaks/devel-memleaks.cc">
			<Option virtualFolder="src/devel-memleaks/" />
			<Option target="lx-dev-memleaks" />
		</Unit>
		<Unit filename="src/log-defines.txt">
			<Option virtualFolder="src/log/" />
		</Unit>
		<Unit filename="src/manifest.xml">
			<Option virtualFolder="src/common/" />
			<Option target="lx-dev" />
			<Option target="lx-dev-memleaks" />
			<Option target="ms-dev" />
			<Option target="lx-dpub" />
		</Unit>
		<Unit filename="src/oflp-cb.cc">
			<Option virtualFolder="src/common/" />
		</Unit>
		<Unit filename="src/oflp-cb.hh">
			<Option virtualFolder="src/common/" />
		</Unit>
		<Unit filename="src/oflp-common-classes.hh">
			<Option virtualFolder="src/common/" />
		</Unit>
		<Unit filename="src/oflp-common-defines.hh">
			<Option virtualFolder="src/common/" />
		</Unit>
		<Unit filename="src/oflp-common-macros.hh">
			<Option virtualFolder="src/common/" />
		</Unit>
		<Unit filename="src/oflp-common.hh">
			<Option virtualFolder="src/common/" />
			<Option target="lx-dev" />
			<Option target="lx-dev-memleaks" />
			<Option target="ms-dev" />
			<Option target="lx-dpub" />
		</Unit>
		<Unit filename="src/oflp-log-frame.cc">
			<Option virtualFolder="src/log/" />
		</Unit>
		<Unit filename="src/oflp-log-frame.hh">
			<Option virtualFolder="src/log/" />
		</Unit>
		<Unit filename="src/oflp-log.cc">
			<Option virtualFolder="src/log/" />
		</Unit>
		<Unit filename="src/oflp-log.hh">
			<Option virtualFolder="src/log/" />
		</Unit>
		<Unit filename="src/oflp-panel-header.cc">
			<Option virtualFolder="src/panels/c/" />
		</Unit>
		<Unit filename="src/oflp-panel-header.hh">
			<Option virtualFolder="src/panels/h/" />
		</Unit>
		<Unit filename="src/oflp-panel-utils-dnd.cc">
			<Option virtualFolder="src/panels/c/" />
		</Unit>
		<Unit filename="src/oflp-panel-utils-dnd.hh">
			<Option virtualFolder="src/panels/h/" />
		</Unit>
		<Unit filename="src/oflp-panel-utils.cc">
			<Option virtualFolder="src/panels/c/" />
		</Unit>
		<Unit filename="src/oflp-panel-utils.hh">
			<Option virtualFolder="src/panels/h/" />
		</Unit>
		<Unit filename="src/oflp-panel.cc">
			<Option virtualFolder="src/panels/c/" />
			<Option target="lx-dev" />
			<Option target="lx-dev-memleaks" />
			<Option target="ms-dev" />
			<Option target="lx-dpub" />
		</Unit>
		<Unit filename="src/oflp-panel.hh">
			<Option virtualFolder="src/panels/h/" />
			<Option target="lx-dev" />
			<Option target="lx-dev-memleaks" />
			<Option target="ms-dev" />
			<Option target="lx-dpub" />
		</Unit>
		<Unit filename="src/oflp-plugin-dnd.cc">
			<Option virtualFolder="src/plugin/c/" />
		</Unit>
		<Unit filename="src/oflp-plugin-events.cc">
			<Option virtualFolder="src/plugin/c/" />
		</Unit>
		<Unit filename="src/oflp-plugin-mod-flog.cc">
			<Option virtualFolder="src/plugin/c/" />
		</Unit>
		<Unit filename="src/oflp-plugin-mod-flog.hh">
			<Option virtualFolder="src/plugin/h/" />
		</Unit>
		<Unit filename="src/oflp-plugin-mod-gfx.hh">
			<Option virtualFolder="src/plugin/h/" />
		</Unit>
		<Unit filename="src/oflp-plugin-mod-layout.cc">
			<Option virtualFolder="src/plugin/c/" />
		</Unit>
		<Unit filename="src/oflp-plugin-mod-layout.hh">
			<Option virtualFolder="src/plugin/h/" />
		</Unit>
		<Unit filename="src/oflp-plugin-mod-panels.cc">
			<Option virtualFolder="src/plugin/c/" />
		</Unit>
		<Unit filename="src/oflp-plugin-mod-panels.hh">
			<Option virtualFolder="src/plugin/h/" />
		</Unit>
		<Unit filename="src/oflp-plugin-mod-runflow.hh">
			<Option virtualFolder="src/plugin/h/" />
		</Unit>
		<Unit filename="src/oflp-plugin-mod-settings.cc">
			<Option virtualFolder="src/plugin/c/" />
		</Unit>
		<Unit filename="src/oflp-plugin-mod-settings.hh">
			<Option virtualFolder="src/plugin/h/" />
		</Unit>
		<Unit filename="src/oflp-plugin-mod-tooltips.cc">
			<Option virtualFolder="src/plugin/c/" />
		</Unit>
		<Unit filename="src/oflp-plugin-mod-tooltips.hh">
			<Option virtualFolder="src/plugin/h/" />
		</Unit>
		<Unit filename="src/oflp-plugin-module.cc">
			<Option virtualFolder="src/plugin/c/" />
		</Unit>
		<Unit filename="src/oflp-plugin-module.hh">
			<Option virtualFolder="src/plugin/h/" />
		</Unit>
		<Unit filename="src/oflp-plugin.cc">
			<Option virtualFolder="src/plugin/c/" />
		</Unit>
		<Unit filename="src/oflp-plugin.hh">
			<Option virtualFolder="src/plugin/h/" />
			<Option target="lx-dev" />
			<Option target="lx-dev-memleaks" />
			<Option target="ms-dev" />
			<Option target="lx-dpub" />
		</Unit>
		<Unit filename="src/oflp-settings-options.hh">
			<Option virtualFolder="src/settings/" />
		</Unit>
		<Unit filename="src/oflp-settings.cc">
			<Option virtualFolder="src/settings/" />
		</Unit>
		<Unit filename="src/oflp-settings.hh">
			<Option virtualFolder="src/settings/" />
		</Unit>
		<Unit filename="src/oflp-util-hstring.cc">
			<Option virtualFolder="src/common/" />
		</Unit>
		<Unit filename="src/oflp-util-hstring.hh">
			<Option virtualFolder="src/common/" />
		</Unit>
		<Unit filename="src/oflp-util-uid.cc">
			<Option virtualFolder="src/common/" />
		</Unit>
		<Unit filename="src/oflp-util-uid.hh">
			<Option virtualFolder="src/common/" />
		</Unit>
		<Unit filename="src/oflp.xrc">
			<Option virtualFolder="src/common/" />
			<Option target="lx-dev" />
			<Option target="lx-dev-memleaks" />
			<Option target="ms-dev" />
			<Option target="lx-dpub" />
		</Unit>
		<Extensions>
			<envvars />
			<code_completion />
			<lib_finder disable_auto="1" />
			<debugger />
		</Extensions>
	</Project>
</CodeBlocks_project_file>
